
Microsoft Visual Studio Solution File, Format Version 12.00
# Visual Studio Version 16
VisualStudioVersion = 16.0.31005.135
MinimumVisualStudioVersion = 10.0.40219.1
Project("{FAE04EC0-301F-11D3-BF4B-00C04F79EFBC}") = "QA_lab2", "QA_lab2\QA_lab2.csproj", "{E57EE0A6-6C82-49DF-A5B4-BC1DDEA5BAF5}"
EndProject
Global
	GlobalSection(SolutionConfigurationPlatforms) = preSolution
		Debug|Any CPU = Debug|Any CPU
		Release|Any CPU = Release|Any CPU
	EndGlobalSection
	GlobalSection(ProjectConfigurationPlatforms) = postSolution
		{E57EE0A6-6C82-49DF-A5B4-BC1DDEA5BAF5}.Debug|Any CPU.ActiveCfg = Debug|Any CPU
		{E57EE0A6-6C82-49DF-A5B4-BC1DDEA5BAF5}.Debug|Any CPU.Build.0 = Debug|Any CPU
		{E57EE0A6-6C82-49DF-A5B4-BC1DDEA5BAF5}.Release|Any CPU.ActiveCfg = Release|Any CPU
		{E57EE0A6-6C82-49DF-A5B4-BC1DDEA5BAF5}.Release|Any CPU.Build.0 = Release|Any CPU
	EndGlobalSection
	GlobalSection(SolutionProperties) = preSolution
		HideSolutionNode = FALSE
	EndGlobalSection
	GlobalSection(ExtensibilityGlobals) = postSolution
		SolutionGuid = {9A981E75-3ECB-40BF-975D-AD7A954F382F}
	EndGlobalSection
EndGlobal
